# This file is automatically @generated by Cargo.
# It is not intended for manual editing.
version = 4

[[package]]
name = "cargo-declared-test"
version = "0.1.0"
dependencies = [
 "direct",
 "unused",
]

[[package]]
name = "direct"
version = "0.1.0"
dependencies = [
 "transitive",
]

[[package]]
name = "transitive"
version = "0.1.0"

[[package]]
name = "unused"
version = "0.1.0"
